
Microsoft Visual Studio Solution File, Format Version 12.00
# Visual Studio Version 16
VisualStudioVersion = 16.0.30114.105
MinimumVisualStudioVersion = 10.0.40219.1
Project("{FAE04EC0-301F-11D3-BF4B-00C04F79EFBC}") = "WinformApp", "WinformApp.csproj", "{CD981A16-3D61-4016-84DE-A22BB0DAFAD7}"
EndProject
Project("{FAE04EC0-301F-11D3-BF4B-00C04F79EFBC}") = "ClockApp", "..\ClockApp\ClockApp.csproj", "{B4BFA5E8-A43A-447E-9AD1-739E1344B49F}"
EndProject
Project("{FAE04EC0-301F-11D3-BF4B-00C04F79EFBC}") = "ButtonTestApp", "..\ButtonTestApp\ButtonTestApp.csproj", "{F659D1EF-9E1F-4DCE-99A1-04E78E567A02}"
EndProject
Project("{FAE04EC0-301F-11D3-BF4B-00C04F79EFBC}") = "CheckBoxTestApp", "..\CheckBoxTestApp\CheckBoxTestApp.csproj", "{B9DA4643-3A9B-4BC0-9497-E19288AB4EF2}"
EndProject
Project("{FAE04EC0-301F-11D3-BF4B-00C04F79EFBC}") = "RadioButtonTestApp", "..\RadioButtonTestApp\RadioButtonTestApp.csproj", "{12FC4F2D-9CE0-49F4-BB9D-DD2787591D87}"
EndProject
Project("{FAE04EC0-301F-11D3-BF4B-00C04F79EFBC}") = "LoginApp", "..\LoginApp\LoginApp.csproj", "{27BC5740-B40C-41A0-ACDE-33F07E8C28A1}"
EndProject
Project("{FAE04EC0-301F-11D3-BF4B-00C04F79EFBC}") = "ListControlTestApp", "..\ListControlTestApp\ListControlTestApp.csproj", "{80BE6C79-9F60-4EDB-BEA6-AC34A2667BD6}"
EndProject
Project("{FAE04EC0-301F-11D3-BF4B-00C04F79EFBC}") = "CheckListBoxApp", "..\CheckListBoxApp\CheckListBoxApp.csproj", "{8230B122-A77B-4DB1-A792-B57591C96000}"
EndProject
Project("{FAE04EC0-301F-11D3-BF4B-00C04F79EFBC}") = "ModalDlgApp", "..\ModalDlgApp\ModalDlgApp.csproj", "{7753F0EC-EFD6-4178-8838-D1FB819AFB4B}"
EndProject
Project("{FAE04EC0-301F-11D3-BF4B-00C04F79EFBC}") = "OpenFileDIgApp", "..\OpenFileDIgApp\OpenFileDIgApp.csproj", "{4FC1DACF-6A87-4DBC-95B7-36C46C5FACD8}"
EndProject
Project("{FAE04EC0-301F-11D3-BF4B-00C04F79EFBC}") = "MainMenuApp", "..\MainMenuApp\MainMenuApp.csproj", "{99DCE6DD-277D-42C0-8DF1-E5789E373465}"
EndProject
Project("{FAE04EC0-301F-11D3-BF4B-00C04F79EFBC}") = "MainMenu", "..\MainMenu\MainMenu.csproj", "{E2089F47-2EDD-4D7B-98C3-CC1946113559}"
EndProject
Project("{FAE04EC0-301F-11D3-BF4B-00C04F79EFBC}") = "ViewApp", "..\ViewApp\ViewApp.csproj", "{AA2D9DD2-5A26-4F9A-B7BF-0B3553816842}"
EndProject
Project("{FAE04EC0-301F-11D3-BF4B-00C04F79EFBC}") = "TreeViewApp", "..\TreeViewApp\TreeViewApp.csproj", "{24D54607-BDF3-4354-96DD-EAB5F1592357}"
EndProject
Project("{FAE04EC0-301F-11D3-BF4B-00C04F79EFBC}") = "ProgressApp", "..\ProgressApp\ProgressApp.csproj", "{823A5D4E-BB43-46AA-B911-C81D30909DE0}"
EndProject
Project("{FAE04EC0-301F-11D3-BF4B-00C04F79EFBC}") = "AnimationApp", "..\AnimationApp\AnimationApp.csproj", "{4DF3C067-C80C-46AD-943D-FB34919FEFDD}"
EndProject
Project("{FAE04EC0-301F-11D3-BF4B-00C04F79EFBC}") = "GrapicApp", "..\GrapicApp\GrapicApp.csproj", "{C4B403EE-3A36-4B78-9528-71255068682D}"
EndProject
Project("{FAE04EC0-301F-11D3-BF4B-00C04F79EFBC}") = "ChartControlApp", "..\ChartControlApp\ChartControlApp.csproj", "{AD03B7F1-56AB-4378-8D38-3D9FE216F2FA}"
EndProject
Project("{FAE04EC0-301F-11D3-BF4B-00C04F79EFBC}") = "BookRentalShop20", "..\BookRentalShop20\BookRentalShop20.csproj", "{9C4624F7-8421-435C-88F8-B8BC113AE6B5}"
EndProject
Global
	GlobalSection(SolutionConfigurationPlatforms) = preSolution
		Debug|Any CPU = Debug|Any CPU
		Release|Any CPU = Release|Any CPU
	EndGlobalSection
	GlobalSection(ProjectConfigurationPlatforms) = postSolution
		{CD981A16-3D61-4016-84DE-A22BB0DAFAD7}.Debug|Any CPU.ActiveCfg = Debug|Any CPU
		{CD981A16-3D61-4016-84DE-A22BB0DAFAD7}.Debug|Any CPU.Build.0 = Debug|Any CPU
		{CD981A16-3D61-4016-84DE-A22BB0DAFAD7}.Release|Any CPU.ActiveCfg = Release|Any CPU
		{CD981A16-3D61-4016-84DE-A22BB0DAFAD7}.Release|Any CPU.Build.0 = Release|Any CPU
		{B4BFA5E8-A43A-447E-9AD1-739E1344B49F}.Debug|Any CPU.ActiveCfg = Debug|Any CPU
		{B4BFA5E8-A43A-447E-9AD1-739E1344B49F}.Debug|Any CPU.Build.0 = Debug|Any CPU
		{B4BFA5E8-A43A-447E-9AD1-739E1344B49F}.Release|Any CPU.ActiveCfg = Release|Any CPU
		{B4BFA5E8-A43A-447E-9AD1-739E1344B49F}.Release|Any CPU.Build.0 = Release|Any CPU
		{F659D1EF-9E1F-4DCE-99A1-04E78E567A02}.Debug|Any CPU.ActiveCfg = Debug|Any CPU
		{F659D1EF-9E1F-4DCE-99A1-04E78E567A02}.Debug|Any CPU.Build.0 = Debug|Any CPU
		{F659D1EF-9E1F-4DCE-99A1-04E78E567A02}.Release|Any CPU.ActiveCfg = Release|Any CPU
		{F659D1EF-9E1F-4DCE-99A1-04E78E567A02}.Release|Any CPU.Build.0 = Release|Any CPU
		{B9DA4643-3A9B-4BC0-9497-E19288AB4EF2}.Debug|Any CPU.ActiveCfg = Debug|Any CPU
		{B9DA4643-3A9B-4BC0-9497-E19288AB4EF2}.Debug|Any CPU.Build.0 = Debug|Any CPU
		{B9DA4643-3A9B-4BC0-9497-E19288AB4EF2}.Release|Any CPU.ActiveCfg = Release|Any CPU
		{B9DA4643-3A9B-4BC0-9497-E19288AB4EF2}.Release|Any CPU.Build.0 = Release|Any CPU
		{12FC4F2D-9CE0-49F4-BB9D-DD2787591D87}.Debug|Any CPU.ActiveCfg = Debug|Any CPU
		{12FC4F2D-9CE0-49F4-BB9D-DD2787591D87}.Debug|Any CPU.Build.0 = Debug|Any CPU
		{12FC4F2D-9CE0-49F4-BB9D-DD2787591D87}.Release|Any CPU.ActiveCfg = Release|Any CPU
		{12FC4F2D-9CE0-49F4-BB9D-DD2787591D87}.Release|Any CPU.Build.0 = Release|Any CPU
		{27BC5740-B40C-41A0-ACDE-33F07E8C28A1}.Debug|Any CPU.ActiveCfg = Debug|Any CPU
		{27BC5740-B40C-41A0-ACDE-33F07E8C28A1}.Debug|Any CPU.Build.0 = Debug|Any CPU
		{27BC5740-B40C-41A0-ACDE-33F07E8C28A1}.Release|Any CPU.ActiveCfg = Release|Any CPU
		{27BC5740-B40C-41A0-ACDE-33F07E8C28A1}.Release|Any CPU.Build.0 = Release|Any CPU
		{80BE6C79-9F60-4EDB-BEA6-AC34A2667BD6}.Debug|Any CPU.ActiveCfg = Debug|Any CPU
		{80BE6C79-9F60-4EDB-BEA6-AC34A2667BD6}.Debug|Any CPU.Build.0 = Debug|Any CPU
		{80BE6C79-9F60-4EDB-BEA6-AC34A2667BD6}.Release|Any CPU.ActiveCfg = Release|Any CPU
		{80BE6C79-9F60-4EDB-BEA6-AC34A2667BD6}.Release|Any CPU.Build.0 = Release|Any CPU
		{8230B122-A77B-4DB1-A792-B57591C96000}.Debug|Any CPU.ActiveCfg = Debug|Any CPU
		{8230B122-A77B-4DB1-A792-B57591C96000}.Debug|Any CPU.Build.0 = Debug|Any CPU
		{8230B122-A77B-4DB1-A792-B57591C96000}.Release|Any CPU.ActiveCfg = Release|Any CPU
		{8230B122-A77B-4DB1-A792-B57591C96000}.Release|Any CPU.Build.0 = Release|Any CPU
		{7753F0EC-EFD6-4178-8838-D1FB819AFB4B}.Debug|Any CPU.ActiveCfg = Debug|Any CPU
		{7753F0EC-EFD6-4178-8838-D1FB819AFB4B}.Debug|Any CPU.Build.0 = Debug|Any CPU
		{7753F0EC-EFD6-4178-8838-D1FB819AFB4B}.Release|Any CPU.ActiveCfg = Release|Any CPU
		{7753F0EC-EFD6-4178-8838-D1FB819AFB4B}.Release|Any CPU.Build.0 = Release|Any CPU
		{4FC1DACF-6A87-4DBC-95B7-36C46C5FACD8}.Debug|Any CPU.ActiveCfg = Debug|Any CPU
		{4FC1DACF-6A87-4DBC-95B7-36C46C5FACD8}.Debug|Any CPU.Build.0 = Debug|Any CPU
		{4FC1DACF-6A87-4DBC-95B7-36C46C5FACD8}.Release|Any CPU.ActiveCfg = Release|Any CPU
		{4FC1DACF-6A87-4DBC-95B7-36C46C5FACD8}.Release|Any CPU.Build.0 = Release|Any CPU
		{99DCE6DD-277D-42C0-8DF1-E5789E373465}.Debug|Any CPU.ActiveCfg = Debug|Any CPU
		{99DCE6DD-277D-42C0-8DF1-E5789E373465}.Debug|Any CPU.Build.0 = Debug|Any CPU
		{99DCE6DD-277D-42C0-8DF1-E5789E373465}.Release|Any CPU.ActiveCfg = Release|Any CPU
		{99DCE6DD-277D-42C0-8DF1-E5789E373465}.Release|Any CPU.Build.0 = Release|Any CPU
		{E2089F47-2EDD-4D7B-98C3-CC1946113559}.Debug|Any CPU.ActiveCfg = Debug|Any CPU
		{E2089F47-2EDD-4D7B-98C3-CC1946113559}.Debug|Any CPU.Build.0 = Debug|Any CPU
		{E2089F47-2EDD-4D7B-98C3-CC1946113559}.Release|Any CPU.ActiveCfg = Release|Any CPU
		{E2089F47-2EDD-4D7B-98C3-CC1946113559}.Release|Any CPU.Build.0 = Release|Any CPU
		{AA2D9DD2-5A26-4F9A-B7BF-0B3553816842}.Debug|Any CPU.ActiveCfg = Debug|Any CPU
		{AA2D9DD2-5A26-4F9A-B7BF-0B3553816842}.Debug|Any CPU.Build.0 = Debug|Any CPU
		{AA2D9DD2-5A26-4F9A-B7BF-0B3553816842}.Release|Any CPU.ActiveCfg = Release|Any CPU
		{AA2D9DD2-5A26-4F9A-B7BF-0B3553816842}.Release|Any CPU.Build.0 = Release|Any CPU
		{24D54607-BDF3-4354-96DD-EAB5F1592357}.Debug|Any CPU.ActiveCfg = Debug|Any CPU
		{24D54607-BDF3-4354-96DD-EAB5F1592357}.Debug|Any CPU.Build.0 = Debug|Any CPU
		{24D54607-BDF3-4354-96DD-EAB5F1592357}.Release|Any CPU.ActiveCfg = Release|Any CPU
		{24D54607-BDF3-4354-96DD-EAB5F1592357}.Release|Any CPU.Build.0 = Release|Any CPU
		{823A5D4E-BB43-46AA-B911-C81D30909DE0}.Debug|Any CPU.ActiveCfg = Debug|Any CPU
		{823A5D4E-BB43-46AA-B911-C81D30909DE0}.Debug|Any CPU.Build.0 = Debug|Any CPU
		{823A5D4E-BB43-46AA-B911-C81D30909DE0}.Release|Any CPU.ActiveCfg = Release|Any CPU
		{823A5D4E-BB43-46AA-B911-C81D30909DE0}.Release|Any CPU.Build.0 = Release|Any CPU
		{4DF3C067-C80C-46AD-943D-FB34919FEFDD}.Debug|Any CPU.ActiveCfg = Debug|Any CPU
		{4DF3C067-C80C-46AD-943D-FB34919FEFDD}.Debug|Any CPU.Build.0 = Debug|Any CPU
		{4DF3C067-C80C-46AD-943D-FB34919FEFDD}.Release|Any CPU.ActiveCfg = Release|Any CPU
		{4DF3C067-C80C-46AD-943D-FB34919FEFDD}.Release|Any CPU.Build.0 = Release|Any CPU
		{C4B403EE-3A36-4B78-9528-71255068682D}.Debug|Any CPU.ActiveCfg = Debug|Any CPU
		{C4B403EE-3A36-4B78-9528-71255068682D}.Debug|Any CPU.Build.0 = Debug|Any CPU
		{C4B403EE-3A36-4B78-9528-71255068682D}.Release|Any CPU.ActiveCfg = Release|Any CPU
		{C4B403EE-3A36-4B78-9528-71255068682D}.Release|Any CPU.Build.0 = Release|Any CPU
		{AD03B7F1-56AB-4378-8D38-3D9FE216F2FA}.Debug|Any CPU.ActiveCfg = Debug|Any CPU
		{AD03B7F1-56AB-4378-8D38-3D9FE216F2FA}.Debug|Any CPU.Build.0 = Debug|Any CPU
		{AD03B7F1-56AB-4378-8D38-3D9FE216F2FA}.Release|Any CPU.ActiveCfg = Release|Any CPU
		{AD03B7F1-56AB-4378-8D38-3D9FE216F2FA}.Release|Any CPU.Build.0 = Release|Any CPU
		{9C4624F7-8421-435C-88F8-B8BC113AE6B5}.Debug|Any CPU.ActiveCfg = Debug|Any CPU
		{9C4624F7-8421-435C-88F8-B8BC113AE6B5}.Debug|Any CPU.Build.0 = Debug|Any CPU
		{9C4624F7-8421-435C-88F8-B8BC113AE6B5}.Release|Any CPU.ActiveCfg = Release|Any CPU
		{9C4624F7-8421-435C-88F8-B8BC113AE6B5}.Release|Any CPU.Build.0 = Release|Any CPU
	EndGlobalSection
	GlobalSection(SolutionProperties) = preSolution
		HideSolutionNode = FALSE
	EndGlobalSection
	GlobalSection(ExtensibilityGlobals) = postSolution
		SolutionGuid = {B437BF47-AEB7-4E8B-9A4F-6F54A46D5300}
	EndGlobalSection
EndGlobal
